// !$*UTF8*$!
{
	archiveVersion = 1;
	classes = {
	};
	objectVersion = 50;
	objects = {

/* Begin PBXBuildFile section */
		F231C7CF2762F78200015885 /* FinalProjectApp.swift in Sources */ = {isa = PBXBuildFile; fileRef = F231C7CE2762F78200015885 /* FinalProjectApp.swift */; };
		F231C7D12762F78200015885 /* MovieListView.swift in Sources */ = {isa = PBXBuildFile; fileRef = F231C7D02762F78200015885 /* MovieListView.swift */; };
		F231C7D32762F78500015885 /* Assets.xcassets in Resources */ = {isa = PBXBuildFile; fileRef = F231C7D22762F78500015885 /* Assets.xcassets */; };
		F231C7D62762F78500015885 /* Preview Assets.xcassets in Resources */ = {isa = PBXBuildFile; fileRef = F231C7D52762F78500015885 /* Preview Assets.xcassets */; };
		F231C7E12762F78500015885 /* FinalProjectTests.swift in Sources */ = {isa = PBXBuildFile; fileRef = F231C7E02762F78500015885 /* FinalProjectTests.swift */; };
		F231C7EC2762F78500015885 /* FinalProjectUITests.swift in Sources */ = {isa = PBXBuildFile; fileRef = F231C7EB2762F78500015885 /* FinalProjectUITests.swift */; };
		F231C7FB276303C200015885 /* MovieData.xcdatamodeld in Sources */ = {isa = PBXBuildFile; fileRef = F231C7F9276303C200015885 /* MovieData.xcdatamodeld */; };
		F231C7FF2763069400015885 /* MovieViewModel.swift in Sources */ = {isa = PBXBuildFile; fileRef = F231C7FE2763069400015885 /* MovieViewModel.swift */; };
		F231C80127630A2C00015885 /* Movies.swift in Sources */ = {isa = PBXBuildFile; fileRef = F231C80027630A2C00015885 /* Movies.swift */; };
		F231C80327630E5A00015885 /* MovieDetailView.swift in Sources */ = {isa = PBXBuildFile; fileRef = F231C80227630E5A00015885 /* MovieDetailView.swift */; };
		F231C8052763388B00015885 /* Homepage.swift in Sources */ = {isa = PBXBuildFile; fileRef = F231C8042763388B00015885 /* Homepage.swift */; };
/* End PBXBuildFile section */

/* Begin PBXContainerItemProxy section */
		F231C7DD2762F78500015885 /* PBXContainerItemProxy */ = {
			isa = PBXContainerItemProxy;
			containerPortal = F231C7C32762F78200015885 /* Project object */;
			proxyType = 1;
			remoteGlobalIDString = F231C7CA2762F78200015885;
			remoteInfo = FinalProject;
		};
		F231C7E82762F78500015885 /* PBXContainerItemProxy */ = {
			isa = PBXContainerItemProxy;
			containerPortal = F231C7C32762F78200015885 /* Project object */;
			proxyType = 1;
			remoteGlobalIDString = F231C7CA2762F78200015885;
			remoteInfo = FinalProject;
		};
/* End PBXContainerItemProxy section */

/* Begin PBXFileReference section */
		F231C7CB2762F78200015885 /* FinalProject.app */ = {isa = PBXFileReference; explicitFileType = wrapper.application; includeInIndex = 0; path = FinalProject.app; sourceTree = BUILT_PRODUCTS_DIR; };
		F231C7CE2762F78200015885 /* FinalProjectApp.swift */ = {isa = PBXFileReference; lastKnownFileType = sourcecode.swift; path = FinalProjectApp.swift; sourceTree = "<group>"; };
		F231C7D02762F78200015885 /* MovieListView.swift */ = {isa = PBXFileReference; lastKnownFileType = sourcecode.swift; path = MovieListView.swift; sourceTree = "<group>"; };
		F231C7D22762F78500015885 /* Assets.xcassets */ = {isa = PBXFileReference; lastKnownFileType = folder.assetcatalog; path = Assets.xcassets; sourceTree = "<group>"; };
		F231C7D52762F78500015885 /* Preview Assets.xcassets */ = {isa = PBXFileReference; lastKnownFileType = folder.assetcatalog; path = "Preview Assets.xcassets"; sourceTree = "<group>"; };
		F231C7D72762F78500015885 /* Info.plist */ = {isa = PBXFileReference; lastKnownFileType = text.plist.xml; path = Info.plist; sourceTree = "<group>"; };
		F231C7DC2762F78500015885 /* FinalProjectTests.xctest */ = {isa = PBXFileReference; explicitFileType = wrapper.cfbundle; includeInIndex = 0; path = FinalProjectTests.xctest; sourceTree = BUILT_PRODUCTS_DIR; };
		F231C7E02762F78500015885 /* FinalProjectTests.swift */ = {isa = PBXFileReference; lastKnownFileType = sourcecode.swift; path = FinalProjectTests.swift; sourceTree = "<group>"; };
		F231C7E22762F78500015885 /* Info.plist */ = {isa = PBXFileReference; lastKnownFileType = text.plist.xml; path = Info.plist; sourceTree = "<group>"; };
		F231C7E72762F78500015885 /* FinalProjectUITests.xctest */ = {isa = PBXFileReference; explicitFileType = wrapper.cfbundle; includeInIndex = 0; path = FinalProjectUITests.xctest; sourceTree = BUILT_PRODUCTS_DIR; };
		F231C7EB2762F78500015885 /* FinalProjectUITests.swift */ = {isa = PBXFileReference; lastKnownFileType = sourcecode.swift; path = FinalProjectUITests.swift; sourceTree = "<group>"; };
		F231C7ED2762F78500015885 /* Info.plist */ = {isa = PBXFileReference; lastKnownFileType = text.plist.xml; path = Info.plist; sourceTree = "<group>"; };
		F231C7FA276303C200015885 /* MovieData.xcdatamodel */ = {isa = PBXFileReference; lastKnownFileType = wrapper.xcdatamodel; path = MovieData.xcdatamodel; sourceTree = "<group>"; };
		F231C7FE2763069400015885 /* MovieViewModel.swift */ = {isa = PBXFileReference; lastKnownFileType = sourcecode.swift; path = MovieViewModel.swift; sourceTree = "<group>"; };
		F231C80027630A2C00015885 /* Movies.swift */ = {isa = PBXFileReference; lastKnownFileType = sourcecode.swift; path = Movies.swift; sourceTree = "<group>"; };
		F231C80227630E5A00015885 /* MovieDetailView.swift */ = {isa = PBXFileReference; lastKnownFileType = sourcecode.swift; path = MovieDetailView.swift; sourceTree = "<group>"; };
		F231C8042763388B00015885 /* Homepage.swift */ = {isa = PBXFileReference; lastKnownFileType = sourcecode.swift; path = Homepage.swift; sourceTree = "<group>"; };
/* End PBXFileReference section */

/* Begin PBXFrameworksBuildPhase section */
		F231C7C82762F78200015885 /* Frameworks */ = {
			isa = PBXFrameworksBuildPhase;
			buildActionMask = 2147483647;
			files = (
			);
			runOnlyForDeploymentPostprocessing = 0;
		};
		F231C7D92762F78500015885 /* Frameworks */ = {
			isa = PBXFrameworksBuildPhase;
			buildActionMask = 2147483647;
			files = (
			);
			runOnlyForDeploymentPostprocessing = 0;
		};
		F231C7E42762F78500015885 /* Frameworks */ = {
			isa = PBXFrameworksBuildPhase;
			buildActionMask = 2147483647;
			files = (
			);
			runOnlyForDeploymentPostprocessing = 0;
		};
/* End PBXFrameworksBuildPhase section */

/* Begin PBXGroup section */
		F231C7C22762F78200015885 = {
			isa = PBXGroup;
			children = (
				F231C7CD2762F78200015885 /* FinalProject */,
				F231C7DF2762F78500015885 /* FinalProjectTests */,
				F231C7EA2762F78500015885 /* FinalProjectUITests */,
				F231C7CC2762F78200015885 /* Products */,
			);
			sourceTree = "<group>";
		};
		F231C7CC2762F78200015885 /* Products */ = {
			isa = PBXGroup;
			children = (
				F231C7CB2762F78200015885 /* FinalProject.app */,
				F231C7DC2762F78500015885 /* FinalProjectTests.xctest */,
				F231C7E72762F78500015885 /* FinalProjectUITests.xctest */,
			);
			name = Products;
			sourceTree = "<group>";
		};
		F231C7CD2762F78200015885 /* FinalProject */ = {
			isa = PBXGroup;
			children = (
				F231C7CE2762F78200015885 /* FinalProjectApp.swift */,
				F231C7F9276303C200015885 /* MovieData.xcdatamodeld */,
				F231C7D02762F78200015885 /* MovieListView.swift */,
				F231C7D22762F78500015885 /* Assets.xcassets */,
				F231C7D72762F78500015885 /* Info.plist */,
				F231C7D42762F78500015885 /* Preview Content */,
				F231C7FE2763069400015885 /* MovieViewModel.swift */,
				F231C80027630A2C00015885 /* Movies.swift */,
				F231C80227630E5A00015885 /* MovieDetailView.swift */,
				F231C8042763388B00015885 /* Homepage.swift */,
			);
			path = FinalProject;
			sourceTree = "<group>";
		};
		F231C7D42762F78500015885 /* Preview Content */ = {
			isa = PBXGroup;
			children = (
				F231C7D52762F78500015885 /* Preview Assets.xcassets */,
			);
			path = "Preview Content";
			sourceTree = "<group>";
		};
		F231C7DF2762F78500015885 /* FinalProjectTests */ = {
			isa = PBXGroup;
			children = (
				F231C7E02762F78500015885 /* FinalProjectTests.swift */,
				F231C7E22762F78500015885 /* Info.plist */,
			);
			path = FinalProjectTests;
			sourceTree = "<group>";
		};
		F231C7EA2762F78500015885 /* FinalProjectUITests */ = {
			isa = PBXGroup;
			children = (
				F231C7EB2762F78500015885 /* FinalProjectUITests.swift */,
				F231C7ED2762F78500015885 /* Info.plist */,
			);
			path = FinalProjectUITests;
			sourceTree = "<group>";
		};
/* End PBXGroup section */

/* Begin PBXNativeTarget section */
		F231C7CA2762F78200015885 /* FinalProject */ = {
			isa = PBXNativeTarget;
			buildConfigurationList = F231C7F02762F78500015885 /* Build configuration list for PBXNativeTarget "FinalProject" */;
			buildPhases = (
				F231C7C72762F78200015885 /* Sources */,
				F231C7C82762F78200015885 /* Frameworks */,
				F231C7C92762F78200015885 /* Resources */,
			);
			buildRules = (
			);
			dependencies = (
			);
			name = FinalProject;
			productName = FinalProject;
			productReference = F231C7CB2762F78200015885 /* FinalProject.app */;
			productType = "com.apple.product-type.application";
		};
		F231C7DB2762F78500015885 /* FinalProjectTests */ = {
			isa = PBXNativeTarget;
			buildConfigurationList = F231C7F32762F78500015885 /* Build configuration list for PBXNativeTarget "FinalProjectTests" */;
			buildPhases = (
				F231C7D82762F78500015885 /* Sources */,
				F231C7D92762F78500015885 /* Frameworks */,
				F231C7DA2762F78500015885 /* Resources */,
			);
			buildRules = (
			);
			dependencies = (
				F231C7DE2762F78500015885 /* PBXTargetDependency */,
			);
			name = FinalProjectTests;
			productName = FinalProjectTests;
			productReference = F231C7DC2762F78500015885 /* FinalProjectTests.xctest */;
			productType = "com.apple.product-type.bundle.unit-test";
		};
		F231C7E62762F78500015885 /* FinalProjectUITests */ = {
			isa = PBXNativeTarget;
			buildConfigurationList = F231C7F62762F78500015885 /* Build configuration list for PBXNativeTarget "FinalProjectUITests" */;
			buildPhases = (
				F231C7E32762F78500015885 /* Sources */,
				F231C7E42762F78500015885 /* Frameworks */,
				F231C7E52762F78500015885 /* Resources */,
			);
			buildRules = (
			);
			dependencies = (
				F231C7E92762F78500015885 /* PBXTargetDependency */,
			);
			name = FinalProjectUITests;
			productName = FinalProjectUITests;
			productReference = F231C7E72762F78500015885 /* FinalProjectUITests.xctest */;
			productType = "com.apple.product-type.bundle.ui-testing";
		};
/* End PBXNativeTarget section */

/* Begin PBXProject section */
		F231C7C32762F78200015885 /* Project object */ = {
			isa = PBXProject;
			attributes = {
				LastSwiftUpdateCheck = 1250;
				LastUpgradeCheck = 1250;
				TargetAttributes = {
					F231C7CA2762F78200015885 = {
						CreatedOnToolsVersion = 12.5.1;
					};
					F231C7DB2762F78500015885 = {
						CreatedOnToolsVersion = 12.5.1;
						TestTargetID = F231C7CA2762F78200015885;
					};
					F231C7E62762F78500015885 = {
						CreatedOnToolsVersion = 12.5.1;
						TestTargetID = F231C7CA2762F78200015885;
					};
				};
			};
			buildConfigurationList = F231C7C62762F78200015885 /* Build configuration list for PBXProject "FinalProject" */;
			compatibilityVersion = "Xcode 9.3";
			developmentRegion = en;
			hasScannedForEncodings = 0;
			knownRegions = (
				en,
				Base,
			);
			mainGroup = F231C7C22762F78200015885;
			productRefGroup = F231C7CC2762F78200015885 /* Products */;
			projectDirPath = "";
			projectRoot = "";
			targets = (
				F231C7CA2762F78200015885 /* FinalProject */,
				F231C7DB2762F78500015885 /* FinalProjectTests */,
				F231C7E62762F78500015885 /* FinalProjectUITests */,
			);
		};
/* End PBXProject section */

/* Begin PBXResourcesBuildPhase section */
		F231C7C92762F78200015885 /* Resources */ = {
			isa = PBXResourcesBuildPhase;
			buildActionMask = 2147483647;
			files = (
				F231C7D62762F78500015885 /* Preview Assets.xcassets in Resources */,
				F231C7D32762F78500015885 /* Assets.xcassets in Resources */,
			);
			runOnlyForDeploymentPostprocessing = 0;
		};
		F231C7DA2762F78500015885 /* Resources */ = {
			isa = PBXResourcesBuildPhase;
			buildActionMask = 2147483647;
			files = (
			);
			runOnlyForDeploymentPostprocessing = 0;
		};
		F231C7E52762F78500015885 /* Resources */ = {
			isa = PBXResourcesBuildPhase;
			buildActionMask = 2147483647;
			files = (
			);
			runOnlyForDeploymentPostprocessing = 0;
		};
/* End PBXResourcesBuildPhase section */

/* Begin PBXSourcesBuildPhase section */
		F231C7C72762F78200015885 /* Sources */ = {
			isa = PBXSourcesBuildPhase;
			buildActionMask = 2147483647;
			files = (
				F231C80327630E5A00015885 /* MovieDetailView.swift in Sources */,
				F231C80127630A2C00015885 /* Movies.swift in Sources */,
				F231C7FB276303C200015885 /* MovieData.xcdatamodeld in Sources */,
				F231C7D12762F78200015885 /* MovieListView.swift in Sources */,
				F231C7CF2762F78200015885 /* FinalProjectApp.swift in Sources */,
				F231C7FF2763069400015885 /* MovieViewModel.swift in Sources */,
				F231C8052763388B00015885 /* Homepage.swift in Sources */,
			);
			runOnlyForDeploymentPostprocessing = 0;
		};
		F231C7D82762F78500015885 /* Sources */ = {
			isa = PBXSourcesBuildPhase;
			buildActionMask = 2147483647;
			files = (
				F231C7E12762F78500015885 /* FinalProjectTests.swift in Sources */,
			);
			runOnlyForDeploymentPostprocessing = 0;
		};
		F231C7E32762F78500015885 /* Sources */ = {
			isa = PBXSourcesBuildPhase;
			buildActionMask = 2147483647;
			files = (
				F231C7EC2762F78500015885 /* FinalProjectUITests.swift in Sources */,
			);
			runOnlyForDeploymentPostprocessing = 0;
		};
/* End PBXSourcesBuildPhase section */

/* Begin PBXTargetDependency section */
		F231C7DE2762F78500015885 /* PBXTargetDependency */ = {
			isa = PBXTargetDependency;
			target = F231C7CA2762F78200015885 /* FinalProject */;
			targetProxy = F231C7DD2762F78500015885 /* PBXContainerItemProxy */;
		};
		F231C7E92762F78500015885 /* PBXTargetDependency */ = {
			isa = PBXTargetDependency;
			target = F231C7CA2762F78200015885 /* FinalProject */;
			targetProxy = F231C7E82762F78500015885 /* PBXContainerItemProxy */;
		};
/* End PBXTargetDependency section */

/* Begin XCBuildConfiguration section */
		F231C7EE2762F78500015885 /* Debug */ = {
			isa = XCBuildConfiguration;
			buildSettings = {
				ALWAYS_SEARCH_USER_PATHS = NO;
				CLANG_ANALYZER_NONNULL = YES;
				CLANG_ANALYZER_NUMBER_OBJECT_CONVERSION = YES_AGGRESSIVE;
				CLANG_CXX_LANGUAGE_STANDARD = "gnu++14";
				CLANG_CXX_LIBRARY = "libc++";
				CLANG_ENABLE_MODULES = YES;
				CLANG_ENABLE_OBJC_ARC = YES;
				CLANG_ENABLE_OBJC_WEAK = YES;
				CLANG_WARN_BLOCK_CAPTURE_AUTORELEASING = YES;
				CLANG_WARN_BOOL_CONVERSION = YES;
				CLANG_WARN_COMMA = YES;
				CLANG_WARN_CONSTANT_CONVERSION = YES;
				CLANG_WARN_DEPRECATED_OBJC_IMPLEMENTATIONS = YES;
				CLANG_WARN_DIRECT_OBJC_ISA_USAGE = YES_ERROR;
				CLANG_WARN_DOCUMENTATION_COMMENTS = YES;
				CLANG_WARN_EMPTY_BODY = YES;
				CLANG_WARN_ENUM_CONVERSION = YES;
				CLANG_WARN_INFINITE_RECURSION = YES;
				CLANG_WARN_INT_CONVERSION = YES;
				CLANG_WARN_NON_LITERAL_NULL_CONVERSION = YES;
				CLANG_WARN_OBJC_IMPLICIT_RETAIN_SELF = YES;
				CLANG_WARN_OBJC_LITERAL_CONVERSION = YES;
				CLANG_WARN_OBJC_ROOT_CLASS = YES_ERROR;
				CLANG_WARN_QUOTED_INCLUDE_IN_FRAMEWORK_HEADER = YES;
				CLANG_WARN_RANGE_LOOP_ANALYSIS = YES;
				CLANG_WARN_STRICT_PROTOTYPES = YES;
				CLANG_WARN_SUSPICIOUS_MOVE = YES;
				CLANG_WARN_UNGUARDED_AVAILABILITY = YES_AGGRESSIVE;
				CLANG_WARN_UNREACHABLE_CODE = YES;
				CLANG_WARN__DUPLICATE_METHOD_MATCH = YES;
				COPY_PHASE_STRIP = NO;
				DEBUG_INFORMATION_FORMAT = dwarf;
				ENABLE_STRICT_OBJC_MSGSEND = YES;
				ENABLE_TESTABILITY = YES;
				GCC_C_LANGUAGE_STANDARD = gnu11;
				GCC_DYNAMIC_NO_PIC = NO;
				GCC_NO_COMMON_BLOCKS = YES;
				GCC_OPTIMIZATION_LEVEL = 0;
				GCC_PREPROCESSOR_DEFINITIONS = (
					"DEBUG=1",
					"$(inherited)",
				);
				GCC_WARN_64_TO_32_BIT_CONVERSION = YES;
				GCC_WARN_ABOUT_RETURN_TYPE = YES_ERROR;
				GCC_WARN_UNDECLARED_SELECTOR = YES;
				GCC_WARN_UNINITIALIZED_AUTOS = YES_AGGRESSIVE;
				GCC_WARN_UNUSED_FUNCTION = YES;
				GCC_WARN_UNUSED_VARIABLE = YES;
				IPHONEOS_DEPLOYMENT_TARGET = 14.5;
				MTL_ENABLE_DEBUG_INFO = INCLUDE_SOURCE;
				MTL_FAST_MATH = YES;
				ONLY_ACTIVE_ARCH = YES;
				SDKROOT = iphoneos;
				SWIFT_ACTIVE_COMPILATION_CONDITIONS = DEBUG;
				SWIFT_OPTIMIZATION_LEVEL = "-Onone";
			};
			name = Debug;
		};
		F231C7EF2762F78500015885 /* Release */ = {
			isa = XCBuildConfiguration;
			buildSettings = {
				ALWAYS_SEARCH_USER_PATHS = NO;
				CLANG_ANALYZER_NONNULL = YES;
				CLANG_ANALYZER_NUMBER_OBJECT_CONVERSION = YES_AGGRESSIVE;
				CLANG_CXX_LANGUAGE_STANDARD = "gnu++14";
				CLANG_CXX_LIBRARY = "libc++";
				CLANG_ENABLE_MODULES = YES;
				CLANG_ENABLE_OBJC_ARC = YES;
				CLANG_ENABLE_OBJC_WEAK = YES;
				CLANG_WARN_BLOCK_CAPTURE_AUTORELEASING = YES;
				CLANG_WARN_BOOL_CONVERSION = YES;
				CLANG_WARN_COMMA = YES;
				CLANG_WARN_CONSTANT_CONVERSION = YES;
				CLANG_WARN_DEPRECATED_OBJC_IMPLEMENTATIONS = YES;
				CLANG_WARN_DIRECT_OBJC_ISA_USAGE = YES_ERROR;
				CLANG_WARN_DOCUMENTATION_COMMENTS = YES;
				CLANG_WARN_EMPTY_BODY = YES;
				CLANG_WARN_ENUM_CONVERSION = YES;
				CLANG_WARN_INFINITE_RECURSION = YES;
				CLANG_WARN_INT_CONVERSION = YES;
				CLANG_WARN_NON_LITERAL_NULL_CONVERSION = YES;
				CLANG_WARN_OBJC_IMPLICIT_RETAIN_SELF = YES;
				CLANG_WARN_OBJC_LITERAL_CONVERSION = YES;
				CLANG_WARN_OBJC_ROOT_CLASS = YES_ERROR;
				CLANG_WARN_QUOTED_INCLUDE_IN_FRAMEWORK_HEADER = YES;
				CLANG_WARN_RANGE_LOOP_ANALYSIS = YES;
				CLANG_WARN_STRICT_PROTOTYPES = YES;
				CLANG_WARN_SUSPICIOUS_MOVE = YES;
				CLANG_WARN_UNGUARDED_AVAILABILITY = YES_AGGRESSIVE;
				CLANG_WARN_UNREACHABLE_CODE = YES;
				CLANG_WARN__DUPLICATE_METHOD_MATCH = YES;
				COPY_PHASE_STRIP = NO;
				DEBUG_INFORMATION_FORMAT = "dwarf-with-dsym";
				ENABLE_NS_ASSERTIONS = NO;
				ENABLE_STRICT_OBJC_MSGSEND = YES;
				GCC_C_LANGUAGE_STANDARD = gnu11;
				GCC_NO_COMMON_BLOCKS = YES;
				GCC_WARN_64_TO_32_BIT_CONVERSION = YES;
				GCC_WARN_ABOUT_RETURN_TYPE = YES_ERROR;
				GCC_WARN_UNDECLARED_SELECTOR = YES;
				GCC_WARN_UNINITIALIZED_AUTOS = YES_AGGRESSIVE;
				GCC_WARN_UNUSED_FUNCTION = YES;
				GCC_WARN_UNUSED_VARIABLE = YES;
				IPHONEOS_DEPLOYMENT_TARGET = 14.5;
				MTL_ENABLE_DEBUG_INFO = NO;
				MTL_FAST_MATH = YES;
				SDKROOT = iphoneos;
				SWIFT_COMPILATION_MODE = wholemodule;
				SWIFT_OPTIMIZATION_LEVEL = "-O";
				VALIDATE_PRODUCT = YES;
			};
			name = Release;
		};
		F231C7F12762F78500015885 /* Debug */ = {
			isa = XCBuildConfiguration;
			buildSettings = {
				ASSETCATALOG_COMPILER_APPICON_NAME = AppIcon;
				ASSETCATALOG_COMPILER_GLOBAL_ACCENT_COLOR_NAME = AccentColor;
				CODE_SIGN_STYLE = Automatic;
				DEVELOPMENT_ASSET_PATHS = "\"FinalProject/Preview Content\"";
				ENABLE_PREVIEWS = YES;
				INFOPLIST_FILE = FinalProject/Info.plist;
				IPHONEOS_DEPLOYMENT_TARGET = 14.0;
				LD_RUNPATH_SEARCH_PATHS = (
					"$(inherited)",
					"@executable_path/Frameworks",
				);
				PRODUCT_BUNDLE_IDENTIFIER = ph.mseuf.FinalProject;
				PRODUCT_NAME = "$(TARGET_NAME)";
				SWIFT_VERSION = 5.0;
				TARGETED_DEVICE_FAMILY = "1,2";
			};
			name = Debug;
		};
		F231C7F22762F78500015885 /* Release */ = {
			isa = XCBuildConfiguration;
			buildSettings = {
				ASSETCATALOG_COMPILER_APPICON_NAME = AppIcon;
				ASSETCATALOG_COMPILER_GLOBAL_ACCENT_COLOR_NAME = AccentColor;
				CODE_SIGN_STYLE = Automatic;
				DEVELOPMENT_ASSET_PATHS = "\"FinalProject/Preview Content\"";
				ENABLE_PREVIEWS = YES;
				INFOPLIST_FILE = FinalProject/Info.plist;
				IPHONEOS_DEPLOYMENT_TARGET = 14.0;
				LD_RUNPATH_SEARCH_PATHS = (
					"$(inherited)",
					"@executable_path/Frameworks",
				);
				PRODUCT_BUNDLE_IDENTIFIER = ph.mseuf.FinalProject;
				PRODUCT_NAME = "$(TARGET_NAME)";
				SWIFT_VERSION = 5.0;
				TARGETED_DEVICE_FAMILY = "1,2";
			};
			name = Release;
		};
		F231C7F42762F78500015885 /* Debug */ = {
			isa = XCBuildConfiguration;
			buildSettings = {
				ALWAYS_EMBED_SWIFT_STANDARD_LIBRARIES = YES;
				BUNDLE_LOADER = "$(TEST_HOST)";
				CODE_SIGN_STYLE = Automatic;
				INFOPLIST_FILE = FinalProjectTests/Info.plist;
				IPHONEOS_DEPLOYMENT_TARGET = 14.0;
				LD_RUNPATH_SEARCH_PATHS = (
					"$(inherited)",
					"@executable_path/Frameworks",
					"@loader_path/Frameworks",
				);
				PRODUCT_BUNDLE_IDENTIFIER = ph.mseuf.FinalProjectTests;
				PRODUCT_NAME = "$(TARGET_NAME)";
				SWIFT_VERSION = 5.0;
				TARGETED_DEVICE_FAMILY = "1,2";
				TEST_HOST = "$(BUILT_PRODUCTS_DIR)/FinalProject.app/FinalProject";
			};
			name = Debug;
		};
		F231C7F52762F78500015885 /* Release */ = {
			isa = XCBuildConfiguration;
			buildSettings = {
				ALWAYS_EMBED_SWIFT_STANDARD_LIBRARIES = YES;
				BUNDLE_LOADER = "$(TEST_HOST)";
				CODE_SIGN_STYLE = Automatic;
				INFOPLIST_FILE = FinalProjectTests/Info.plist;
				IPHONEOS_DEPLOYMENT_TARGET = 14.0;
				LD_RUNPATH_SEARCH_PATHS = (
					"$(inherited)",
					"@executable_path/Frameworks",
					"@loader_path/Frameworks",
				);
				PRODUCT_BUNDLE_IDENTIFIER = ph.mseuf.FinalProjectTests;
				PRODUCT_NAME = "$(TARGET_NAME)";
				SWIFT_VERSION = 5.0;
				TARGETED_DEVICE_FAMILY = "1,2";
				TEST_HOST = "$(BUILT_PRODUCTS_DIR)/FinalProject.app/FinalProject";
			};
			name = Release;
		};
		F231C7F72762F78500015885 /* Debug */ = {
			isa = XCBuildConfiguration;
			buildSettings = {
				ALWAYS_EMBED_SWIFT_STANDARD_LIBRARIES = YES;
				CODE_SIGN_STYLE = Automatic;
				INFOPLIST_FILE = FinalProjectUITests/Info.plist;
				LD_RUNPATH_SEARCH_PATHS = (
					"$(inherited)",
					"@executable_path/Frameworks",
					"@loader_path/Frameworks",
				);
				PRODUCT_BUNDLE_IDENTIFIER = ph.mseuf.FinalProjectUITests;
				PRODUCT_NAME = "$(TARGET_NAME)";
				SWIFT_VERSION = 5.0;
				TARGETED_DEVICE_FAMILY = "1,2";
				TEST_TARGET_NAME = FinalProject;
			};
			name = Debug;
		};
		F231C7F82762F78500015885 /* Release */ = {
			isa = XCBuildConfiguration;
			buildSettings = {
				ALWAYS_EMBED_SWIFT_STANDARD_LIBRARIES = YES;
				CODE_SIGN_STYLE = Automatic;
				INFOPLIST_FILE = FinalProjectUITests/Info.plist;
				LD_RUNPATH_SEARCH_PATHS = (
					"$(inherited)",
					"@executable_path/Frameworks",
					"@loader_path/Frameworks",
				);
				PRODUCT_BUNDLE_IDENTIFIER = ph.mseuf.FinalProjectUITests;
				PRODUCT_NAME = "$(TARGET_NAME)";
				SWIFT_VERSION = 5.0;
				TARGETED_DEVICE_FAMILY = "1,2";
				TEST_TARGET_NAME = FinalProject;
			};
			name = Release;
		};
/* End XCBuildConfiguration section */

/* Begin XCConfigurationList section */
		F231C7C62762F78200015885 /* Build configuration list for PBXProject "FinalProject" */ = {
			isa = XCConfigurationList;
			buildConfigurations = (
				F231C7EE2762F78500015885 /* Debug */,
				F231C7EF2762F78500015885 /* Release */,
			);
			defaultConfigurationIsVisible = 0;
			defaultConfigurationName = Release;
		};
		F231C7F02762F78500015885 /* Build configuration list for PBXNativeTarget "FinalProject" */ = {
			isa = XCConfigurationList;
			buildConfigurations = (
				F231C7F12762F78500015885 /* Debug */,
				F231C7F22762F78500015885 /* Release */,
			);
			defaultConfigurationIsVisible = 0;
			defaultConfigurationName = Release;
		};
		F231C7F32762F78500015885 /* Build configuration list for PBXNativeTarget "FinalProjectTests" */ = {
			isa = XCConfigurationList;
			buildConfigurations = (
				F231C7F42762F78500015885 /* Debug */,
				F231C7F52762F78500015885 /* Release */,
			);
			defaultConfigurationIsVisible = 0;
			defaultConfigurationName = Release;
		};
		F231C7F62762F78500015885 /* Build configuration list for PBXNativeTarget "FinalProjectUITests" */ = {
			isa = XCConfigurationList;
			buildConfigurations = (
				F231C7F72762F78500015885 /* Debug */,
				F231C7F82762F78500015885 /* Release */,
			);
			defaultConfigurationIsVisible = 0;
			defaultConfigurationName = Release;
		};
/* End XCConfigurationList section */

/* Begin XCVersionGroup section */
		F231C7F9276303C200015885 /* MovieData.xcdatamodeld */ = {
			isa = XCVersionGroup;
			children = (
				F231C7FA276303C200015885 /* MovieData.xcdatamodel */,
			);
			currentVersion = F231C7FA276303C200015885 /* MovieData.xcdatamodel */;
			path = MovieData.xcdatamodeld;
			sourceTree = "<group>";
			versionGroupType = wrapper.xcdatamodel;
		};
/* End XCVersionGroup section */
	};
	rootObject = F231C7C32762F78200015885 /* Project object */;
}
