// !$*UTF8*$!
{
	archiveVersion = 1;
	classes = {
	};
	objectVersion = 50;
	objects = {

/* Begin PBXBuildFile section */
		F2987BCB2738A9C000BE8860 /* Semi_Final_Activity1App.swift in Sources */ = {isa = PBXBuildFile; fileRef = F2987BCA2738A9C000BE8860 /* Semi_Final_Activity1App.swift */; };
		F2987BCD2738A9C000BE8860 /* ContentView.swift in Sources */ = {isa = PBXBuildFile; fileRef = F2987BCC2738A9C000BE8860 /* ContentView.swift */; };
		F2987BCF2738A9C300BE8860 /* Assets.xcassets in Resources */ = {isa = PBXBuildFile; fileRef = F2987BCE2738A9C300BE8860 /* Assets.xcassets */; };
		F2987BD22738A9C300BE8860 /* Preview Assets.xcassets in Resources */ = {isa = PBXBuildFile; fileRef = F2987BD12738A9C300BE8860 /* Preview Assets.xcassets */; };
		F2987BDD2738A9C300BE8860 /* Semi_Final_Activity1Tests.swift in Sources */ = {isa = PBXBuildFile; fileRef = F2987BDC2738A9C300BE8860 /* Semi_Final_Activity1Tests.swift */; };
		F2987BE82738A9C300BE8860 /* Semi_Final_Activity1UITests.swift in Sources */ = {isa = PBXBuildFile; fileRef = F2987BE72738A9C300BE8860 /* Semi_Final_Activity1UITests.swift */; };
		F2987BF62738AB6D00BE8860 /* Contact.swift in Sources */ = {isa = PBXBuildFile; fileRef = F2987BF52738AB6D00BE8860 /* Contact.swift */; };
		F2987BF82738B28600BE8860 /* ContactsViewModel.swift in Sources */ = {isa = PBXBuildFile; fileRef = F2987BF72738B28600BE8860 /* ContactsViewModel.swift */; };
		F2987BFC2738D0C800BE8860 /* ContactDetailView.swift in Sources */ = {isa = PBXBuildFile; fileRef = F2987BFB2738D0C800BE8860 /* ContactDetailView.swift */; };
/* End PBXBuildFile section */

/* Begin PBXContainerItemProxy section */
		F2987BD92738A9C300BE8860 /* PBXContainerItemProxy */ = {
			isa = PBXContainerItemProxy;
			containerPortal = F2987BBF2738A9C000BE8860 /* Project object */;
			proxyType = 1;
			remoteGlobalIDString = F2987BC62738A9C000BE8860;
			remoteInfo = "Semi-Final_Activity1";
		};
		F2987BE42738A9C300BE8860 /* PBXContainerItemProxy */ = {
			isa = PBXContainerItemProxy;
			containerPortal = F2987BBF2738A9C000BE8860 /* Project object */;
			proxyType = 1;
			remoteGlobalIDString = F2987BC62738A9C000BE8860;
			remoteInfo = "Semi-Final_Activity1";
		};
/* End PBXContainerItemProxy section */

/* Begin PBXFileReference section */
		F2987BC72738A9C000BE8860 /* Semi-Final_Activity1.app */ = {isa = PBXFileReference; explicitFileType = wrapper.application; includeInIndex = 0; path = "Semi-Final_Activity1.app"; sourceTree = BUILT_PRODUCTS_DIR; };
		F2987BCA2738A9C000BE8860 /* Semi_Final_Activity1App.swift */ = {isa = PBXFileReference; lastKnownFileType = sourcecode.swift; path = Semi_Final_Activity1App.swift; sourceTree = "<group>"; };
		F2987BCC2738A9C000BE8860 /* ContentView.swift */ = {isa = PBXFileReference; lastKnownFileType = sourcecode.swift; path = ContentView.swift; sourceTree = "<group>"; };
		F2987BCE2738A9C300BE8860 /* Assets.xcassets */ = {isa = PBXFileReference; lastKnownFileType = folder.assetcatalog; path = Assets.xcassets; sourceTree = "<group>"; };
		F2987BD12738A9C300BE8860 /* Preview Assets.xcassets */ = {isa = PBXFileReference; lastKnownFileType = folder.assetcatalog; path = "Preview Assets.xcassets"; sourceTree = "<group>"; };
		F2987BD32738A9C300BE8860 /* Info.plist */ = {isa = PBXFileReference; lastKnownFileType = text.plist.xml; path = Info.plist; sourceTree = "<group>"; };
		F2987BD82738A9C300BE8860 /* Semi-Final_Activity1Tests.xctest */ = {isa = PBXFileReference; explicitFileType = wrapper.cfbundle; includeInIndex = 0; path = "Semi-Final_Activity1Tests.xctest"; sourceTree = BUILT_PRODUCTS_DIR; };
		F2987BDC2738A9C300BE8860 /* Semi_Final_Activity1Tests.swift */ = {isa = PBXFileReference; lastKnownFileType = sourcecode.swift; path = Semi_Final_Activity1Tests.swift; sourceTree = "<group>"; };
		F2987BDE2738A9C300BE8860 /* Info.plist */ = {isa = PBXFileReference; lastKnownFileType = text.plist.xml; path = Info.plist; sourceTree = "<group>"; };
		F2987BE32738A9C300BE8860 /* Semi-Final_Activity1UITests.xctest */ = {isa = PBXFileReference; explicitFileType = wrapper.cfbundle; includeInIndex = 0; path = "Semi-Final_Activity1UITests.xctest"; sourceTree = BUILT_PRODUCTS_DIR; };
		F2987BE72738A9C300BE8860 /* Semi_Final_Activity1UITests.swift */ = {isa = PBXFileReference; lastKnownFileType = sourcecode.swift; path = Semi_Final_Activity1UITests.swift; sourceTree = "<group>"; };
		F2987BE92738A9C300BE8860 /* Info.plist */ = {isa = PBXFileReference; lastKnownFileType = text.plist.xml; path = Info.plist; sourceTree = "<group>"; };
		F2987BF52738AB6D00BE8860 /* Contact.swift */ = {isa = PBXFileReference; lastKnownFileType = sourcecode.swift; path = Contact.swift; sourceTree = "<group>"; };
		F2987BF72738B28600BE8860 /* ContactsViewModel.swift */ = {isa = PBXFileReference; lastKnownFileType = sourcecode.swift; path = ContactsViewModel.swift; sourceTree = "<group>"; };
		F2987BFB2738D0C800BE8860 /* ContactDetailView.swift */ = {isa = PBXFileReference; lastKnownFileType = sourcecode.swift; path = ContactDetailView.swift; sourceTree = "<group>"; };
/* End PBXFileReference section */

/* Begin PBXFrameworksBuildPhase section */
		F2987BC42738A9C000BE8860 /* Frameworks */ = {
			isa = PBXFrameworksBuildPhase;
			buildActionMask = 2147483647;
			files = (
			);
			runOnlyForDeploymentPostprocessing = 0;
		};
		F2987BD52738A9C300BE8860 /* Frameworks */ = {
			isa = PBXFrameworksBuildPhase;
			buildActionMask = 2147483647;
			files = (
			);
			runOnlyForDeploymentPostprocessing = 0;
		};
		F2987BE02738A9C300BE8860 /* Frameworks */ = {
			isa = PBXFrameworksBuildPhase;
			buildActionMask = 2147483647;
			files = (
			);
			runOnlyForDeploymentPostprocessing = 0;
		};
/* End PBXFrameworksBuildPhase section */

/* Begin PBXGroup section */
		F2987BBE2738A9C000BE8860 = {
			isa = PBXGroup;
			children = (
				F2987BC92738A9C000BE8860 /* Semi-Final_Activity1 */,
				F2987BDB2738A9C300BE8860 /* Semi-Final_Activity1Tests */,
				F2987BE62738A9C300BE8860 /* Semi-Final_Activity1UITests */,
				F2987BC82738A9C000BE8860 /* Products */,
			);
			sourceTree = "<group>";
		};
		F2987BC82738A9C000BE8860 /* Products */ = {
			isa = PBXGroup;
			children = (
				F2987BC72738A9C000BE8860 /* Semi-Final_Activity1.app */,
				F2987BD82738A9C300BE8860 /* Semi-Final_Activity1Tests.xctest */,
				F2987BE32738A9C300BE8860 /* Semi-Final_Activity1UITests.xctest */,
			);
			name = Products;
			sourceTree = "<group>";
		};
		F2987BC92738A9C000BE8860 /* Semi-Final_Activity1 */ = {
			isa = PBXGroup;
			children = (
				F2987BCA2738A9C000BE8860 /* Semi_Final_Activity1App.swift */,
				F2987BCC2738A9C000BE8860 /* ContentView.swift */,
				F2987BFB2738D0C800BE8860 /* ContactDetailView.swift */,
				F2987BF72738B28600BE8860 /* ContactsViewModel.swift */,
				F2987BF52738AB6D00BE8860 /* Contact.swift */,
				F2987BCE2738A9C300BE8860 /* Assets.xcassets */,
				F2987BD32738A9C300BE8860 /* Info.plist */,
				F2987BD02738A9C300BE8860 /* Preview Content */,
			);
			path = "Semi-Final_Activity1";
			sourceTree = "<group>";
		};
		F2987BD02738A9C300BE8860 /* Preview Content */ = {
			isa = PBXGroup;
			children = (
				F2987BD12738A9C300BE8860 /* Preview Assets.xcassets */,
			);
			path = "Preview Content";
			sourceTree = "<group>";
		};
		F2987BDB2738A9C300BE8860 /* Semi-Final_Activity1Tests */ = {
			isa = PBXGroup;
			children = (
				F2987BDC2738A9C300BE8860 /* Semi_Final_Activity1Tests.swift */,
				F2987BDE2738A9C300BE8860 /* Info.plist */,
			);
			path = "Semi-Final_Activity1Tests";
			sourceTree = "<group>";
		};
		F2987BE62738A9C300BE8860 /* Semi-Final_Activity1UITests */ = {
			isa = PBXGroup;
			children = (
				F2987BE72738A9C300BE8860 /* Semi_Final_Activity1UITests.swift */,
				F2987BE92738A9C300BE8860 /* Info.plist */,
			);
			path = "Semi-Final_Activity1UITests";
			sourceTree = "<group>";
		};
/* End PBXGroup section */

/* Begin PBXNativeTarget section */
		F2987BC62738A9C000BE8860 /* Semi-Final_Activity1 */ = {
			isa = PBXNativeTarget;
			buildConfigurationList = F2987BEC2738A9C300BE8860 /* Build configuration list for PBXNativeTarget "Semi-Final_Activity1" */;
			buildPhases = (
				F2987BC32738A9C000BE8860 /* Sources */,
				F2987BC42738A9C000BE8860 /* Frameworks */,
				F2987BC52738A9C000BE8860 /* Resources */,
			);
			buildRules = (
			);
			dependencies = (
			);
			name = "Semi-Final_Activity1";
			productName = "Semi-Final_Activity1";
			productReference = F2987BC72738A9C000BE8860 /* Semi-Final_Activity1.app */;
			productType = "com.apple.product-type.application";
		};
		F2987BD72738A9C300BE8860 /* Semi-Final_Activity1Tests */ = {
			isa = PBXNativeTarget;
			buildConfigurationList = F2987BEF2738A9C300BE8860 /* Build configuration list for PBXNativeTarget "Semi-Final_Activity1Tests" */;
			buildPhases = (
				F2987BD42738A9C300BE8860 /* Sources */,
				F2987BD52738A9C300BE8860 /* Frameworks */,
				F2987BD62738A9C300BE8860 /* Resources */,
			);
			buildRules = (
			);
			dependencies = (
				F2987BDA2738A9C300BE8860 /* PBXTargetDependency */,
			);
			name = "Semi-Final_Activity1Tests";
			productName = "Semi-Final_Activity1Tests";
			productReference = F2987BD82738A9C300BE8860 /* Semi-Final_Activity1Tests.xctest */;
			productType = "com.apple.product-type.bundle.unit-test";
		};
		F2987BE22738A9C300BE8860 /* Semi-Final_Activity1UITests */ = {
			isa = PBXNativeTarget;
			buildConfigurationList = F2987BF22738A9C300BE8860 /* Build configuration list for PBXNativeTarget "Semi-Final_Activity1UITests" */;
			buildPhases = (
				F2987BDF2738A9C300BE8860 /* Sources */,
				F2987BE02738A9C300BE8860 /* Frameworks */,
				F2987BE12738A9C300BE8860 /* Resources */,
			);
			buildRules = (
			);
			dependencies = (
				F2987BE52738A9C300BE8860 /* PBXTargetDependency */,
			);
			name = "Semi-Final_Activity1UITests";
			productName = "Semi-Final_Activity1UITests";
			productReference = F2987BE32738A9C300BE8860 /* Semi-Final_Activity1UITests.xctest */;
			productType = "com.apple.product-type.bundle.ui-testing";
		};
/* End PBXNativeTarget section */

/* Begin PBXProject section */
		F2987BBF2738A9C000BE8860 /* Project object */ = {
			isa = PBXProject;
			attributes = {
				LastSwiftUpdateCheck = 1250;
				LastUpgradeCheck = 1250;
				TargetAttributes = {
					F2987BC62738A9C000BE8860 = {
						CreatedOnToolsVersion = 12.5.1;
					};
					F2987BD72738A9C300BE8860 = {
						CreatedOnToolsVersion = 12.5.1;
						TestTargetID = F2987BC62738A9C000BE8860;
					};
					F2987BE22738A9C300BE8860 = {
						CreatedOnToolsVersion = 12.5.1;
						TestTargetID = F2987BC62738A9C000BE8860;
					};
				};
			};
			buildConfigurationList = F2987BC22738A9C000BE8860 /* Build configuration list for PBXProject "Semi-Final_Activity1" */;
			compatibilityVersion = "Xcode 9.3";
			developmentRegion = en;
			hasScannedForEncodings = 0;
			knownRegions = (
				en,
				Base,
			);
			mainGroup = F2987BBE2738A9C000BE8860;
			productRefGroup = F2987BC82738A9C000BE8860 /* Products */;
			projectDirPath = "";
			projectRoot = "";
			targets = (
				F2987BC62738A9C000BE8860 /* Semi-Final_Activity1 */,
				F2987BD72738A9C300BE8860 /* Semi-Final_Activity1Tests */,
				F2987BE22738A9C300BE8860 /* Semi-Final_Activity1UITests */,
			);
		};
/* End PBXProject section */

/* Begin PBXResourcesBuildPhase section */
		F2987BC52738A9C000BE8860 /* Resources */ = {
			isa = PBXResourcesBuildPhase;
			buildActionMask = 2147483647;
			files = (
				F2987BD22738A9C300BE8860 /* Preview Assets.xcassets in Resources */,
				F2987BCF2738A9C300BE8860 /* Assets.xcassets in Resources */,
			);
			runOnlyForDeploymentPostprocessing = 0;
		};
		F2987BD62738A9C300BE8860 /* Resources */ = {
			isa = PBXResourcesBuildPhase;
			buildActionMask = 2147483647;
			files = (
			);
			runOnlyForDeploymentPostprocessing = 0;
		};
		F2987BE12738A9C300BE8860 /* Resources */ = {
			isa = PBXResourcesBuildPhase;
			buildActionMask = 2147483647;
			files = (
			);
			runOnlyForDeploymentPostprocessing = 0;
		};
/* End PBXResourcesBuildPhase section */

/* Begin PBXSourcesBuildPhase section */
		F2987BC32738A9C000BE8860 /* Sources */ = {
			isa = PBXSourcesBuildPhase;
			buildActionMask = 2147483647;
			files = (
				F2987BCD2738A9C000BE8860 /* ContentView.swift in Sources */,
				F2987BF82738B28600BE8860 /* ContactsViewModel.swift in Sources */,
				F2987BF62738AB6D00BE8860 /* Contact.swift in Sources */,
				F2987BCB2738A9C000BE8860 /* Semi_Final_Activity1App.swift in Sources */,
				F2987BFC2738D0C800BE8860 /* ContactDetailView.swift in Sources */,
			);
			runOnlyForDeploymentPostprocessing = 0;
		};
		F2987BD42738A9C300BE8860 /* Sources */ = {
			isa = PBXSourcesBuildPhase;
			buildActionMask = 2147483647;
			files = (
				F2987BDD2738A9C300BE8860 /* Semi_Final_Activity1Tests.swift in Sources */,
			);
			runOnlyForDeploymentPostprocessing = 0;
		};
		F2987BDF2738A9C300BE8860 /* Sources */ = {
			isa = PBXSourcesBuildPhase;
			buildActionMask = 2147483647;
			files = (
				F2987BE82738A9C300BE8860 /* Semi_Final_Activity1UITests.swift in Sources */,
			);
			runOnlyForDeploymentPostprocessing = 0;
		};
/* End PBXSourcesBuildPhase section */

/* Begin PBXTargetDependency section */
		F2987BDA2738A9C300BE8860 /* PBXTargetDependency */ = {
			isa = PBXTargetDependency;
			target = F2987BC62738A9C000BE8860 /* Semi-Final_Activity1 */;
			targetProxy = F2987BD92738A9C300BE8860 /* PBXContainerItemProxy */;
		};
		F2987BE52738A9C300BE8860 /* PBXTargetDependency */ = {
			isa = PBXTargetDependency;
			target = F2987BC62738A9C000BE8860 /* Semi-Final_Activity1 */;
			targetProxy = F2987BE42738A9C300BE8860 /* PBXContainerItemProxy */;
		};
/* End PBXTargetDependency section */

/* Begin XCBuildConfiguration section */
		F2987BEA2738A9C300BE8860 /* Debug */ = {
			isa = XCBuildConfiguration;
			buildSettings = {
				ALWAYS_SEARCH_USER_PATHS = NO;
				CLANG_ANALYZER_NONNULL = YES;
				CLANG_ANALYZER_NUMBER_OBJECT_CONVERSION = YES_AGGRESSIVE;
				CLANG_CXX_LANGUAGE_STANDARD = "gnu++14";
				CLANG_CXX_LIBRARY = "libc++";
				CLANG_ENABLE_MODULES = YES;
				CLANG_ENABLE_OBJC_ARC = YES;
				CLANG_ENABLE_OBJC_WEAK = YES;
				CLANG_WARN_BLOCK_CAPTURE_AUTORELEASING = YES;
				CLANG_WARN_BOOL_CONVERSION = YES;
				CLANG_WARN_COMMA = YES;
				CLANG_WARN_CONSTANT_CONVERSION = YES;
				CLANG_WARN_DEPRECATED_OBJC_IMPLEMENTATIONS = YES;
				CLANG_WARN_DIRECT_OBJC_ISA_USAGE = YES_ERROR;
				CLANG_WARN_DOCUMENTATION_COMMENTS = YES;
				CLANG_WARN_EMPTY_BODY = YES;
				CLANG_WARN_ENUM_CONVERSION = YES;
				CLANG_WARN_INFINITE_RECURSION = YES;
				CLANG_WARN_INT_CONVERSION = YES;
				CLANG_WARN_NON_LITERAL_NULL_CONVERSION = YES;
				CLANG_WARN_OBJC_IMPLICIT_RETAIN_SELF = YES;
				CLANG_WARN_OBJC_LITERAL_CONVERSION = YES;
				CLANG_WARN_OBJC_ROOT_CLASS = YES_ERROR;
				CLANG_WARN_QUOTED_INCLUDE_IN_FRAMEWORK_HEADER = YES;
				CLANG_WARN_RANGE_LOOP_ANALYSIS = YES;
				CLANG_WARN_STRICT_PROTOTYPES = YES;
				CLANG_WARN_SUSPICIOUS_MOVE = YES;
				CLANG_WARN_UNGUARDED_AVAILABILITY = YES_AGGRESSIVE;
				CLANG_WARN_UNREACHABLE_CODE = YES;
				CLANG_WARN__DUPLICATE_METHOD_MATCH = YES;
				COPY_PHASE_STRIP = NO;
				DEBUG_INFORMATION_FORMAT = dwarf;
				ENABLE_STRICT_OBJC_MSGSEND = YES;
				ENABLE_TESTABILITY = YES;
				GCC_C_LANGUAGE_STANDARD = gnu11;
				GCC_DYNAMIC_NO_PIC = NO;
				GCC_NO_COMMON_BLOCKS = YES;
				GCC_OPTIMIZATION_LEVEL = 0;
				GCC_PREPROCESSOR_DEFINITIONS = (
					"DEBUG=1",
					"$(inherited)",
				);
				GCC_WARN_64_TO_32_BIT_CONVERSION = YES;
				GCC_WARN_ABOUT_RETURN_TYPE = YES_ERROR;
				GCC_WARN_UNDECLARED_SELECTOR = YES;
				GCC_WARN_UNINITIALIZED_AUTOS = YES_AGGRESSIVE;
				GCC_WARN_UNUSED_FUNCTION = YES;
				GCC_WARN_UNUSED_VARIABLE = YES;
				IPHONEOS_DEPLOYMENT_TARGET = 14.5;
				MTL_ENABLE_DEBUG_INFO = INCLUDE_SOURCE;
				MTL_FAST_MATH = YES;
				ONLY_ACTIVE_ARCH = YES;
				SDKROOT = iphoneos;
				SWIFT_ACTIVE_COMPILATION_CONDITIONS = DEBUG;
				SWIFT_OPTIMIZATION_LEVEL = "-Onone";
			};
			name = Debug;
		};
		F2987BEB2738A9C300BE8860 /* Release */ = {
			isa = XCBuildConfiguration;
			buildSettings = {
				ALWAYS_SEARCH_USER_PATHS = NO;
				CLANG_ANALYZER_NONNULL = YES;
				CLANG_ANALYZER_NUMBER_OBJECT_CONVERSION = YES_AGGRESSIVE;
				CLANG_CXX_LANGUAGE_STANDARD = "gnu++14";
				CLANG_CXX_LIBRARY = "libc++";
				CLANG_ENABLE_MODULES = YES;
				CLANG_ENABLE_OBJC_ARC = YES;
				CLANG_ENABLE_OBJC_WEAK = YES;
				CLANG_WARN_BLOCK_CAPTURE_AUTORELEASING = YES;
				CLANG_WARN_BOOL_CONVERSION = YES;
				CLANG_WARN_COMMA = YES;
				CLANG_WARN_CONSTANT_CONVERSION = YES;
				CLANG_WARN_DEPRECATED_OBJC_IMPLEMENTATIONS = YES;
				CLANG_WARN_DIRECT_OBJC_ISA_USAGE = YES_ERROR;
				CLANG_WARN_DOCUMENTATION_COMMENTS = YES;
				CLANG_WARN_EMPTY_BODY = YES;
				CLANG_WARN_ENUM_CONVERSION = YES;
				CLANG_WARN_INFINITE_RECURSION = YES;
				CLANG_WARN_INT_CONVERSION = YES;
				CLANG_WARN_NON_LITERAL_NULL_CONVERSION = YES;
				CLANG_WARN_OBJC_IMPLICIT_RETAIN_SELF = YES;
				CLANG_WARN_OBJC_LITERAL_CONVERSION = YES;
				CLANG_WARN_OBJC_ROOT_CLASS = YES_ERROR;
				CLANG_WARN_QUOTED_INCLUDE_IN_FRAMEWORK_HEADER = YES;
				CLANG_WARN_RANGE_LOOP_ANALYSIS = YES;
				CLANG_WARN_STRICT_PROTOTYPES = YES;
				CLANG_WARN_SUSPICIOUS_MOVE = YES;
				CLANG_WARN_UNGUARDED_AVAILABILITY = YES_AGGRESSIVE;
				CLANG_WARN_UNREACHABLE_CODE = YES;
				CLANG_WARN__DUPLICATE_METHOD_MATCH = YES;
				COPY_PHASE_STRIP = NO;
				DEBUG_INFORMATION_FORMAT = "dwarf-with-dsym";
				ENABLE_NS_ASSERTIONS = NO;
				ENABLE_STRICT_OBJC_MSGSEND = YES;
				GCC_C_LANGUAGE_STANDARD = gnu11;
				GCC_NO_COMMON_BLOCKS = YES;
				GCC_WARN_64_TO_32_BIT_CONVERSION = YES;
				GCC_WARN_ABOUT_RETURN_TYPE = YES_ERROR;
				GCC_WARN_UNDECLARED_SELECTOR = YES;
				GCC_WARN_UNINITIALIZED_AUTOS = YES_AGGRESSIVE;
				GCC_WARN_UNUSED_FUNCTION = YES;
				GCC_WARN_UNUSED_VARIABLE = YES;
				IPHONEOS_DEPLOYMENT_TARGET = 14.5;
				MTL_ENABLE_DEBUG_INFO = NO;
				MTL_FAST_MATH = YES;
				SDKROOT = iphoneos;
				SWIFT_COMPILATION_MODE = wholemodule;
				SWIFT_OPTIMIZATION_LEVEL = "-O";
				VALIDATE_PRODUCT = YES;
			};
			name = Release;
		};
		F2987BED2738A9C300BE8860 /* Debug */ = {
			isa = XCBuildConfiguration;
			buildSettings = {
				ASSETCATALOG_COMPILER_APPICON_NAME = AppIcon;
				ASSETCATALOG_COMPILER_GLOBAL_ACCENT_COLOR_NAME = AccentColor;
				CODE_SIGN_STYLE = Automatic;
				DEVELOPMENT_ASSET_PATHS = "\"Semi-Final_Activity1/Preview Content\"";
				ENABLE_PREVIEWS = YES;
				INFOPLIST_FILE = "Semi-Final_Activity1/Info.plist";
				IPHONEOS_DEPLOYMENT_TARGET = 14.0;
				LD_RUNPATH_SEARCH_PATHS = (
					"$(inherited)",
					"@executable_path/Frameworks",
				);
				PRODUCT_BUNDLE_IDENTIFIER = "ph.mseuf.Semi-Final-Activity1";
				PRODUCT_NAME = "$(TARGET_NAME)";
				SWIFT_VERSION = 5.0;
				TARGETED_DEVICE_FAMILY = "1,2";
			};
			name = Debug;
		};
		F2987BEE2738A9C300BE8860 /* Release */ = {
			isa = XCBuildConfiguration;
			buildSettings = {
				ASSETCATALOG_COMPILER_APPICON_NAME = AppIcon;
				ASSETCATALOG_COMPILER_GLOBAL_ACCENT_COLOR_NAME = AccentColor;
				CODE_SIGN_STYLE = Automatic;
				DEVELOPMENT_ASSET_PATHS = "\"Semi-Final_Activity1/Preview Content\"";
				ENABLE_PREVIEWS = YES;
				INFOPLIST_FILE = "Semi-Final_Activity1/Info.plist";
				IPHONEOS_DEPLOYMENT_TARGET = 14.0;
				LD_RUNPATH_SEARCH_PATHS = (
					"$(inherited)",
					"@executable_path/Frameworks",
				);
				PRODUCT_BUNDLE_IDENTIFIER = "ph.mseuf.Semi-Final-Activity1";
				PRODUCT_NAME = "$(TARGET_NAME)";
				SWIFT_VERSION = 5.0;
				TARGETED_DEVICE_FAMILY = "1,2";
			};
			name = Release;
		};
		F2987BF02738A9C300BE8860 /* Debug */ = {
			isa = XCBuildConfiguration;
			buildSettings = {
				ALWAYS_EMBED_SWIFT_STANDARD_LIBRARIES = YES;
				BUNDLE_LOADER = "$(TEST_HOST)";
				CODE_SIGN_STYLE = Automatic;
				INFOPLIST_FILE = "Semi-Final_Activity1Tests/Info.plist";
				IPHONEOS_DEPLOYMENT_TARGET = 14.0;
				LD_RUNPATH_SEARCH_PATHS = (
					"$(inherited)",
					"@executable_path/Frameworks",
					"@loader_path/Frameworks",
				);
				PRODUCT_BUNDLE_IDENTIFIER = "ph.mseuf.Semi-Final-Activity1Tests";
				PRODUCT_NAME = "$(TARGET_NAME)";
				SWIFT_VERSION = 5.0;
				TARGETED_DEVICE_FAMILY = "1,2";
				TEST_HOST = "$(BUILT_PRODUCTS_DIR)/Semi-Final_Activity1.app/Semi-Final_Activity1";
			};
			name = Debug;
		};
		F2987BF12738A9C300BE8860 /* Release */ = {
			isa = XCBuildConfiguration;
			buildSettings = {
				ALWAYS_EMBED_SWIFT_STANDARD_LIBRARIES = YES;
				BUNDLE_LOADER = "$(TEST_HOST)";
				CODE_SIGN_STYLE = Automatic;
				INFOPLIST_FILE = "Semi-Final_Activity1Tests/Info.plist";
				IPHONEOS_DEPLOYMENT_TARGET = 14.0;
				LD_RUNPATH_SEARCH_PATHS = (
					"$(inherited)",
					"@executable_path/Frameworks",
					"@loader_path/Frameworks",
				);
				PRODUCT_BUNDLE_IDENTIFIER = "ph.mseuf.Semi-Final-Activity1Tests";
				PRODUCT_NAME = "$(TARGET_NAME)";
				SWIFT_VERSION = 5.0;
				TARGETED_DEVICE_FAMILY = "1,2";
				TEST_HOST = "$(BUILT_PRODUCTS_DIR)/Semi-Final_Activity1.app/Semi-Final_Activity1";
			};
			name = Release;
		};
		F2987BF32738A9C300BE8860 /* Debug */ = {
			isa = XCBuildConfiguration;
			buildSettings = {
				ALWAYS_EMBED_SWIFT_STANDARD_LIBRARIES = YES;
				CODE_SIGN_STYLE = Automatic;
				INFOPLIST_FILE = "Semi-Final_Activity1UITests/Info.plist";
				LD_RUNPATH_SEARCH_PATHS = (
					"$(inherited)",
					"@executable_path/Frameworks",
					"@loader_path/Frameworks",
				);
				PRODUCT_BUNDLE_IDENTIFIER = "ph.mseuf.Semi-Final-Activity1UITests";
				PRODUCT_NAME = "$(TARGET_NAME)";
				SWIFT_VERSION = 5.0;
				TARGETED_DEVICE_FAMILY = "1,2";
				TEST_TARGET_NAME = "Semi-Final_Activity1";
			};
			name = Debug;
		};
		F2987BF42738A9C300BE8860 /* Release */ = {
			isa = XCBuildConfiguration;
			buildSettings = {
				ALWAYS_EMBED_SWIFT_STANDARD_LIBRARIES = YES;
				CODE_SIGN_STYLE = Automatic;
				INFOPLIST_FILE = "Semi-Final_Activity1UITests/Info.plist";
				LD_RUNPATH_SEARCH_PATHS = (
					"$(inherited)",
					"@executable_path/Frameworks",
					"@loader_path/Frameworks",
				);
				PRODUCT_BUNDLE_IDENTIFIER = "ph.mseuf.Semi-Final-Activity1UITests";
				PRODUCT_NAME = "$(TARGET_NAME)";
				SWIFT_VERSION = 5.0;
				TARGETED_DEVICE_FAMILY = "1,2";
				TEST_TARGET_NAME = "Semi-Final_Activity1";
			};
			name = Release;
		};
/* End XCBuildConfiguration section */

/* Begin XCConfigurationList section */
		F2987BC22738A9C000BE8860 /* Build configuration list for PBXProject "Semi-Final_Activity1" */ = {
			isa = XCConfigurationList;
			buildConfigurations = (
				F2987BEA2738A9C300BE8860 /* Debug */,
				F2987BEB2738A9C300BE8860 /* Release */,
			);
			defaultConfigurationIsVisible = 0;
			defaultConfigurationName = Release;
		};
		F2987BEC2738A9C300BE8860 /* Build configuration list for PBXNativeTarget "Semi-Final_Activity1" */ = {
			isa = XCConfigurationList;
			buildConfigurations = (
				F2987BED2738A9C300BE8860 /* Debug */,
				F2987BEE2738A9C300BE8860 /* Release */,
			);
			defaultConfigurationIsVisible = 0;
			defaultConfigurationName = Release;
		};
		F2987BEF2738A9C300BE8860 /* Build configuration list for PBXNativeTarget "Semi-Final_Activity1Tests" */ = {
			isa = XCConfigurationList;
			buildConfigurations = (
				F2987BF02738A9C300BE8860 /* Debug */,
				F2987BF12738A9C300BE8860 /* Release */,
			);
			defaultConfigurationIsVisible = 0;
			defaultConfigurationName = Release;
		};
		F2987BF22738A9C300BE8860 /* Build configuration list for PBXNativeTarget "Semi-Final_Activity1UITests" */ = {
			isa = XCConfigurationList;
			buildConfigurations = (
				F2987BF32738A9C300BE8860 /* Debug */,
				F2987BF42738A9C300BE8860 /* Release */,
			);
			defaultConfigurationIsVisible = 0;
			defaultConfigurationName = Release;
		};
/* End XCConfigurationList section */
	};
	rootObject = F2987BBF2738A9C000BE8860 /* Project object */;
}
