// !$*UTF8*$!
{
	archiveVersion = 1;
	classes = {
	};
	objectVersion = 50;
	objects = {

/* Begin PBXBuildFile section */
		F203AA792715223300DE15B3 /* MidtermExamAlvaApp.swift in Sources */ = {isa = PBXBuildFile; fileRef = F203AA782715223300DE15B3 /* MidtermExamAlvaApp.swift */; };
		F203AA7B2715223300DE15B3 /* ContentView.swift in Sources */ = {isa = PBXBuildFile; fileRef = F203AA7A2715223300DE15B3 /* ContentView.swift */; };
		F203AA7D2715223400DE15B3 /* Assets.xcassets in Resources */ = {isa = PBXBuildFile; fileRef = F203AA7C2715223400DE15B3 /* Assets.xcassets */; };
		F203AA802715223400DE15B3 /* Preview Assets.xcassets in Resources */ = {isa = PBXBuildFile; fileRef = F203AA7F2715223400DE15B3 /* Preview Assets.xcassets */; };
		F203AA8B2715223500DE15B3 /* MidtermExamAlvaTests.swift in Sources */ = {isa = PBXBuildFile; fileRef = F203AA8A2715223500DE15B3 /* MidtermExamAlvaTests.swift */; };
		F203AA962715223500DE15B3 /* MidtermExamAlvaUITests.swift in Sources */ = {isa = PBXBuildFile; fileRef = F203AA952715223500DE15B3 /* MidtermExamAlvaUITests.swift */; };
/* End PBXBuildFile section */

/* Begin PBXContainerItemProxy section */
		F203AA872715223500DE15B3 /* PBXContainerItemProxy */ = {
			isa = PBXContainerItemProxy;
			containerPortal = F203AA6D2715223300DE15B3 /* Project object */;
			proxyType = 1;
			remoteGlobalIDString = F203AA742715223300DE15B3;
			remoteInfo = MidtermExamAlva;
		};
		F203AA922715223500DE15B3 /* PBXContainerItemProxy */ = {
			isa = PBXContainerItemProxy;
			containerPortal = F203AA6D2715223300DE15B3 /* Project object */;
			proxyType = 1;
			remoteGlobalIDString = F203AA742715223300DE15B3;
			remoteInfo = MidtermExamAlva;
		};
/* End PBXContainerItemProxy section */

/* Begin PBXFileReference section */
		F203AA752715223300DE15B3 /* MidtermExamAlva.app */ = {isa = PBXFileReference; explicitFileType = wrapper.application; includeInIndex = 0; path = MidtermExamAlva.app; sourceTree = BUILT_PRODUCTS_DIR; };
		F203AA782715223300DE15B3 /* MidtermExamAlvaApp.swift */ = {isa = PBXFileReference; lastKnownFileType = sourcecode.swift; path = MidtermExamAlvaApp.swift; sourceTree = "<group>"; };
		F203AA7A2715223300DE15B3 /* ContentView.swift */ = {isa = PBXFileReference; lastKnownFileType = sourcecode.swift; path = ContentView.swift; sourceTree = "<group>"; };
		F203AA7C2715223400DE15B3 /* Assets.xcassets */ = {isa = PBXFileReference; lastKnownFileType = folder.assetcatalog; path = Assets.xcassets; sourceTree = "<group>"; };
		F203AA7F2715223400DE15B3 /* Preview Assets.xcassets */ = {isa = PBXFileReference; lastKnownFileType = folder.assetcatalog; path = "Preview Assets.xcassets"; sourceTree = "<group>"; };
		F203AA812715223400DE15B3 /* Info.plist */ = {isa = PBXFileReference; lastKnownFileType = text.plist.xml; path = Info.plist; sourceTree = "<group>"; };
		F203AA862715223500DE15B3 /* MidtermExamAlvaTests.xctest */ = {isa = PBXFileReference; explicitFileType = wrapper.cfbundle; includeInIndex = 0; path = MidtermExamAlvaTests.xctest; sourceTree = BUILT_PRODUCTS_DIR; };
		F203AA8A2715223500DE15B3 /* MidtermExamAlvaTests.swift */ = {isa = PBXFileReference; lastKnownFileType = sourcecode.swift; path = MidtermExamAlvaTests.swift; sourceTree = "<group>"; };
		F203AA8C2715223500DE15B3 /* Info.plist */ = {isa = PBXFileReference; lastKnownFileType = text.plist.xml; path = Info.plist; sourceTree = "<group>"; };
		F203AA912715223500DE15B3 /* MidtermExamAlvaUITests.xctest */ = {isa = PBXFileReference; explicitFileType = wrapper.cfbundle; includeInIndex = 0; path = MidtermExamAlvaUITests.xctest; sourceTree = BUILT_PRODUCTS_DIR; };
		F203AA952715223500DE15B3 /* MidtermExamAlvaUITests.swift */ = {isa = PBXFileReference; lastKnownFileType = sourcecode.swift; path = MidtermExamAlvaUITests.swift; sourceTree = "<group>"; };
		F203AA972715223500DE15B3 /* Info.plist */ = {isa = PBXFileReference; lastKnownFileType = text.plist.xml; path = Info.plist; sourceTree = "<group>"; };
/* End PBXFileReference section */

/* Begin PBXFrameworksBuildPhase section */
		F203AA722715223300DE15B3 /* Frameworks */ = {
			isa = PBXFrameworksBuildPhase;
			buildActionMask = 2147483647;
			files = (
			);
			runOnlyForDeploymentPostprocessing = 0;
		};
		F203AA832715223500DE15B3 /* Frameworks */ = {
			isa = PBXFrameworksBuildPhase;
			buildActionMask = 2147483647;
			files = (
			);
			runOnlyForDeploymentPostprocessing = 0;
		};
		F203AA8E2715223500DE15B3 /* Frameworks */ = {
			isa = PBXFrameworksBuildPhase;
			buildActionMask = 2147483647;
			files = (
			);
			runOnlyForDeploymentPostprocessing = 0;
		};
/* End PBXFrameworksBuildPhase section */

/* Begin PBXGroup section */
		F203AA6C2715223300DE15B3 = {
			isa = PBXGroup;
			children = (
				F203AA772715223300DE15B3 /* MidtermExamAlva */,
				F203AA892715223500DE15B3 /* MidtermExamAlvaTests */,
				F203AA942715223500DE15B3 /* MidtermExamAlvaUITests */,
				F203AA762715223300DE15B3 /* Products */,
			);
			sourceTree = "<group>";
		};
		F203AA762715223300DE15B3 /* Products */ = {
			isa = PBXGroup;
			children = (
				F203AA752715223300DE15B3 /* MidtermExamAlva.app */,
				F203AA862715223500DE15B3 /* MidtermExamAlvaTests.xctest */,
				F203AA912715223500DE15B3 /* MidtermExamAlvaUITests.xctest */,
			);
			name = Products;
			sourceTree = "<group>";
		};
		F203AA772715223300DE15B3 /* MidtermExamAlva */ = {
			isa = PBXGroup;
			children = (
				F203AA782715223300DE15B3 /* MidtermExamAlvaApp.swift */,
				F203AA7A2715223300DE15B3 /* ContentView.swift */,
				F203AA7C2715223400DE15B3 /* Assets.xcassets */,
				F203AA812715223400DE15B3 /* Info.plist */,
				F203AA7E2715223400DE15B3 /* Preview Content */,
			);
			path = MidtermExamAlva;
			sourceTree = "<group>";
		};
		F203AA7E2715223400DE15B3 /* Preview Content */ = {
			isa = PBXGroup;
			children = (
				F203AA7F2715223400DE15B3 /* Preview Assets.xcassets */,
			);
			path = "Preview Content";
			sourceTree = "<group>";
		};
		F203AA892715223500DE15B3 /* MidtermExamAlvaTests */ = {
			isa = PBXGroup;
			children = (
				F203AA8A2715223500DE15B3 /* MidtermExamAlvaTests.swift */,
				F203AA8C2715223500DE15B3 /* Info.plist */,
			);
			path = MidtermExamAlvaTests;
			sourceTree = "<group>";
		};
		F203AA942715223500DE15B3 /* MidtermExamAlvaUITests */ = {
			isa = PBXGroup;
			children = (
				F203AA952715223500DE15B3 /* MidtermExamAlvaUITests.swift */,
				F203AA972715223500DE15B3 /* Info.plist */,
			);
			path = MidtermExamAlvaUITests;
			sourceTree = "<group>";
		};
/* End PBXGroup section */

/* Begin PBXNativeTarget section */
		F203AA742715223300DE15B3 /* MidtermExamAlva */ = {
			isa = PBXNativeTarget;
			buildConfigurationList = F203AA9A2715223500DE15B3 /* Build configuration list for PBXNativeTarget "MidtermExamAlva" */;
			buildPhases = (
				F203AA712715223300DE15B3 /* Sources */,
				F203AA722715223300DE15B3 /* Frameworks */,
				F203AA732715223300DE15B3 /* Resources */,
			);
			buildRules = (
			);
			dependencies = (
			);
			name = MidtermExamAlva;
			productName = MidtermExamAlva;
			productReference = F203AA752715223300DE15B3 /* MidtermExamAlva.app */;
			productType = "com.apple.product-type.application";
		};
		F203AA852715223500DE15B3 /* MidtermExamAlvaTests */ = {
			isa = PBXNativeTarget;
			buildConfigurationList = F203AA9D2715223500DE15B3 /* Build configuration list for PBXNativeTarget "MidtermExamAlvaTests" */;
			buildPhases = (
				F203AA822715223500DE15B3 /* Sources */,
				F203AA832715223500DE15B3 /* Frameworks */,
				F203AA842715223500DE15B3 /* Resources */,
			);
			buildRules = (
			);
			dependencies = (
				F203AA882715223500DE15B3 /* PBXTargetDependency */,
			);
			name = MidtermExamAlvaTests;
			productName = MidtermExamAlvaTests;
			productReference = F203AA862715223500DE15B3 /* MidtermExamAlvaTests.xctest */;
			productType = "com.apple.product-type.bundle.unit-test";
		};
		F203AA902715223500DE15B3 /* MidtermExamAlvaUITests */ = {
			isa = PBXNativeTarget;
			buildConfigurationList = F203AAA02715223500DE15B3 /* Build configuration list for PBXNativeTarget "MidtermExamAlvaUITests" */;
			buildPhases = (
				F203AA8D2715223500DE15B3 /* Sources */,
				F203AA8E2715223500DE15B3 /* Frameworks */,
				F203AA8F2715223500DE15B3 /* Resources */,
			);
			buildRules = (
			);
			dependencies = (
				F203AA932715223500DE15B3 /* PBXTargetDependency */,
			);
			name = MidtermExamAlvaUITests;
			productName = MidtermExamAlvaUITests;
			productReference = F203AA912715223500DE15B3 /* MidtermExamAlvaUITests.xctest */;
			productType = "com.apple.product-type.bundle.ui-testing";
		};
/* End PBXNativeTarget section */

/* Begin PBXProject section */
		F203AA6D2715223300DE15B3 /* Project object */ = {
			isa = PBXProject;
			attributes = {
				LastSwiftUpdateCheck = 1250;
				LastUpgradeCheck = 1250;
				TargetAttributes = {
					F203AA742715223300DE15B3 = {
						CreatedOnToolsVersion = 12.5.1;
					};
					F203AA852715223500DE15B3 = {
						CreatedOnToolsVersion = 12.5.1;
						TestTargetID = F203AA742715223300DE15B3;
					};
					F203AA902715223500DE15B3 = {
						CreatedOnToolsVersion = 12.5.1;
						TestTargetID = F203AA742715223300DE15B3;
					};
				};
			};
			buildConfigurationList = F203AA702715223300DE15B3 /* Build configuration list for PBXProject "MidtermExamAlva" */;
			compatibilityVersion = "Xcode 9.3";
			developmentRegion = en;
			hasScannedForEncodings = 0;
			knownRegions = (
				en,
				Base,
			);
			mainGroup = F203AA6C2715223300DE15B3;
			productRefGroup = F203AA762715223300DE15B3 /* Products */;
			projectDirPath = "";
			projectRoot = "";
			targets = (
				F203AA742715223300DE15B3 /* MidtermExamAlva */,
				F203AA852715223500DE15B3 /* MidtermExamAlvaTests */,
				F203AA902715223500DE15B3 /* MidtermExamAlvaUITests */,
			);
		};
/* End PBXProject section */

/* Begin PBXResourcesBuildPhase section */
		F203AA732715223300DE15B3 /* Resources */ = {
			isa = PBXResourcesBuildPhase;
			buildActionMask = 2147483647;
			files = (
				F203AA802715223400DE15B3 /* Preview Assets.xcassets in Resources */,
				F203AA7D2715223400DE15B3 /* Assets.xcassets in Resources */,
			);
			runOnlyForDeploymentPostprocessing = 0;
		};
		F203AA842715223500DE15B3 /* Resources */ = {
			isa = PBXResourcesBuildPhase;
			buildActionMask = 2147483647;
			files = (
			);
			runOnlyForDeploymentPostprocessing = 0;
		};
		F203AA8F2715223500DE15B3 /* Resources */ = {
			isa = PBXResourcesBuildPhase;
			buildActionMask = 2147483647;
			files = (
			);
			runOnlyForDeploymentPostprocessing = 0;
		};
/* End PBXResourcesBuildPhase section */

/* Begin PBXSourcesBuildPhase section */
		F203AA712715223300DE15B3 /* Sources */ = {
			isa = PBXSourcesBuildPhase;
			buildActionMask = 2147483647;
			files = (
				F203AA7B2715223300DE15B3 /* ContentView.swift in Sources */,
				F203AA792715223300DE15B3 /* MidtermExamAlvaApp.swift in Sources */,
			);
			runOnlyForDeploymentPostprocessing = 0;
		};
		F203AA822715223500DE15B3 /* Sources */ = {
			isa = PBXSourcesBuildPhase;
			buildActionMask = 2147483647;
			files = (
				F203AA8B2715223500DE15B3 /* MidtermExamAlvaTests.swift in Sources */,
			);
			runOnlyForDeploymentPostprocessing = 0;
		};
		F203AA8D2715223500DE15B3 /* Sources */ = {
			isa = PBXSourcesBuildPhase;
			buildActionMask = 2147483647;
			files = (
				F203AA962715223500DE15B3 /* MidtermExamAlvaUITests.swift in Sources */,
			);
			runOnlyForDeploymentPostprocessing = 0;
		};
/* End PBXSourcesBuildPhase section */

/* Begin PBXTargetDependency section */
		F203AA882715223500DE15B3 /* PBXTargetDependency */ = {
			isa = PBXTargetDependency;
			target = F203AA742715223300DE15B3 /* MidtermExamAlva */;
			targetProxy = F203AA872715223500DE15B3 /* PBXContainerItemProxy */;
		};
		F203AA932715223500DE15B3 /* PBXTargetDependency */ = {
			isa = PBXTargetDependency;
			target = F203AA742715223300DE15B3 /* MidtermExamAlva */;
			targetProxy = F203AA922715223500DE15B3 /* PBXContainerItemProxy */;
		};
/* End PBXTargetDependency section */

/* Begin XCBuildConfiguration section */
		F203AA982715223500DE15B3 /* Debug */ = {
			isa = XCBuildConfiguration;
			buildSettings = {
				ALWAYS_SEARCH_USER_PATHS = NO;
				CLANG_ANALYZER_NONNULL = YES;
				CLANG_ANALYZER_NUMBER_OBJECT_CONVERSION = YES_AGGRESSIVE;
				CLANG_CXX_LANGUAGE_STANDARD = "gnu++14";
				CLANG_CXX_LIBRARY = "libc++";
				CLANG_ENABLE_MODULES = YES;
				CLANG_ENABLE_OBJC_ARC = YES;
				CLANG_ENABLE_OBJC_WEAK = YES;
				CLANG_WARN_BLOCK_CAPTURE_AUTORELEASING = YES;
				CLANG_WARN_BOOL_CONVERSION = YES;
				CLANG_WARN_COMMA = YES;
				CLANG_WARN_CONSTANT_CONVERSION = YES;
				CLANG_WARN_DEPRECATED_OBJC_IMPLEMENTATIONS = YES;
				CLANG_WARN_DIRECT_OBJC_ISA_USAGE = YES_ERROR;
				CLANG_WARN_DOCUMENTATION_COMMENTS = YES;
				CLANG_WARN_EMPTY_BODY = YES;
				CLANG_WARN_ENUM_CONVERSION = YES;
				CLANG_WARN_INFINITE_RECURSION = YES;
				CLANG_WARN_INT_CONVERSION = YES;
				CLANG_WARN_NON_LITERAL_NULL_CONVERSION = YES;
				CLANG_WARN_OBJC_IMPLICIT_RETAIN_SELF = YES;
				CLANG_WARN_OBJC_LITERAL_CONVERSION = YES;
				CLANG_WARN_OBJC_ROOT_CLASS = YES_ERROR;
				CLANG_WARN_QUOTED_INCLUDE_IN_FRAMEWORK_HEADER = YES;
				CLANG_WARN_RANGE_LOOP_ANALYSIS = YES;
				CLANG_WARN_STRICT_PROTOTYPES = YES;
				CLANG_WARN_SUSPICIOUS_MOVE = YES;
				CLANG_WARN_UNGUARDED_AVAILABILITY = YES_AGGRESSIVE;
				CLANG_WARN_UNREACHABLE_CODE = YES;
				CLANG_WARN__DUPLICATE_METHOD_MATCH = YES;
				COPY_PHASE_STRIP = NO;
				DEBUG_INFORMATION_FORMAT = dwarf;
				ENABLE_STRICT_OBJC_MSGSEND = YES;
				ENABLE_TESTABILITY = YES;
				GCC_C_LANGUAGE_STANDARD = gnu11;
				GCC_DYNAMIC_NO_PIC = NO;
				GCC_NO_COMMON_BLOCKS = YES;
				GCC_OPTIMIZATION_LEVEL = 0;
				GCC_PREPROCESSOR_DEFINITIONS = (
					"DEBUG=1",
					"$(inherited)",
				);
				GCC_WARN_64_TO_32_BIT_CONVERSION = YES;
				GCC_WARN_ABOUT_RETURN_TYPE = YES_ERROR;
				GCC_WARN_UNDECLARED_SELECTOR = YES;
				GCC_WARN_UNINITIALIZED_AUTOS = YES_AGGRESSIVE;
				GCC_WARN_UNUSED_FUNCTION = YES;
				GCC_WARN_UNUSED_VARIABLE = YES;
				IPHONEOS_DEPLOYMENT_TARGET = 14.5;
				MTL_ENABLE_DEBUG_INFO = INCLUDE_SOURCE;
				MTL_FAST_MATH = YES;
				ONLY_ACTIVE_ARCH = YES;
				SDKROOT = iphoneos;
				SWIFT_ACTIVE_COMPILATION_CONDITIONS = DEBUG;
				SWIFT_OPTIMIZATION_LEVEL = "-Onone";
			};
			name = Debug;
		};
		F203AA992715223500DE15B3 /* Release */ = {
			isa = XCBuildConfiguration;
			buildSettings = {
				ALWAYS_SEARCH_USER_PATHS = NO;
				CLANG_ANALYZER_NONNULL = YES;
				CLANG_ANALYZER_NUMBER_OBJECT_CONVERSION = YES_AGGRESSIVE;
				CLANG_CXX_LANGUAGE_STANDARD = "gnu++14";
				CLANG_CXX_LIBRARY = "libc++";
				CLANG_ENABLE_MODULES = YES;
				CLANG_ENABLE_OBJC_ARC = YES;
				CLANG_ENABLE_OBJC_WEAK = YES;
				CLANG_WARN_BLOCK_CAPTURE_AUTORELEASING = YES;
				CLANG_WARN_BOOL_CONVERSION = YES;
				CLANG_WARN_COMMA = YES;
				CLANG_WARN_CONSTANT_CONVERSION = YES;
				CLANG_WARN_DEPRECATED_OBJC_IMPLEMENTATIONS = YES;
				CLANG_WARN_DIRECT_OBJC_ISA_USAGE = YES_ERROR;
				CLANG_WARN_DOCUMENTATION_COMMENTS = YES;
				CLANG_WARN_EMPTY_BODY = YES;
				CLANG_WARN_ENUM_CONVERSION = YES;
				CLANG_WARN_INFINITE_RECURSION = YES;
				CLANG_WARN_INT_CONVERSION = YES;
				CLANG_WARN_NON_LITERAL_NULL_CONVERSION = YES;
				CLANG_WARN_OBJC_IMPLICIT_RETAIN_SELF = YES;
				CLANG_WARN_OBJC_LITERAL_CONVERSION = YES;
				CLANG_WARN_OBJC_ROOT_CLASS = YES_ERROR;
				CLANG_WARN_QUOTED_INCLUDE_IN_FRAMEWORK_HEADER = YES;
				CLANG_WARN_RANGE_LOOP_ANALYSIS = YES;
				CLANG_WARN_STRICT_PROTOTYPES = YES;
				CLANG_WARN_SUSPICIOUS_MOVE = YES;
				CLANG_WARN_UNGUARDED_AVAILABILITY = YES_AGGRESSIVE;
				CLANG_WARN_UNREACHABLE_CODE = YES;
				CLANG_WARN__DUPLICATE_METHOD_MATCH = YES;
				COPY_PHASE_STRIP = NO;
				DEBUG_INFORMATION_FORMAT = "dwarf-with-dsym";
				ENABLE_NS_ASSERTIONS = NO;
				ENABLE_STRICT_OBJC_MSGSEND = YES;
				GCC_C_LANGUAGE_STANDARD = gnu11;
				GCC_NO_COMMON_BLOCKS = YES;
				GCC_WARN_64_TO_32_BIT_CONVERSION = YES;
				GCC_WARN_ABOUT_RETURN_TYPE = YES_ERROR;
				GCC_WARN_UNDECLARED_SELECTOR = YES;
				GCC_WARN_UNINITIALIZED_AUTOS = YES_AGGRESSIVE;
				GCC_WARN_UNUSED_FUNCTION = YES;
				GCC_WARN_UNUSED_VARIABLE = YES;
				IPHONEOS_DEPLOYMENT_TARGET = 14.5;
				MTL_ENABLE_DEBUG_INFO = NO;
				MTL_FAST_MATH = YES;
				SDKROOT = iphoneos;
				SWIFT_COMPILATION_MODE = wholemodule;
				SWIFT_OPTIMIZATION_LEVEL = "-O";
				VALIDATE_PRODUCT = YES;
			};
			name = Release;
		};
		F203AA9B2715223500DE15B3 /* Debug */ = {
			isa = XCBuildConfiguration;
			buildSettings = {
				ASSETCATALOG_COMPILER_APPICON_NAME = AppIcon;
				ASSETCATALOG_COMPILER_GLOBAL_ACCENT_COLOR_NAME = AccentColor;
				CODE_SIGN_STYLE = Automatic;
				DEVELOPMENT_ASSET_PATHS = "\"MidtermExamAlva/Preview Content\"";
				ENABLE_PREVIEWS = YES;
				INFOPLIST_FILE = MidtermExamAlva/Info.plist;
				IPHONEOS_DEPLOYMENT_TARGET = 14.0;
				LD_RUNPATH_SEARCH_PATHS = (
					"$(inherited)",
					"@executable_path/Frameworks",
				);
				PRODUCT_BUNDLE_IDENTIFIER = ph.mseuf.MidtermExamAlva;
				PRODUCT_NAME = "$(TARGET_NAME)";
				SWIFT_VERSION = 5.0;
				TARGETED_DEVICE_FAMILY = "1,2";
			};
			name = Debug;
		};
		F203AA9C2715223500DE15B3 /* Release */ = {
			isa = XCBuildConfiguration;
			buildSettings = {
				ASSETCATALOG_COMPILER_APPICON_NAME = AppIcon;
				ASSETCATALOG_COMPILER_GLOBAL_ACCENT_COLOR_NAME = AccentColor;
				CODE_SIGN_STYLE = Automatic;
				DEVELOPMENT_ASSET_PATHS = "\"MidtermExamAlva/Preview Content\"";
				ENABLE_PREVIEWS = YES;
				INFOPLIST_FILE = MidtermExamAlva/Info.plist;
				IPHONEOS_DEPLOYMENT_TARGET = 14.0;
				LD_RUNPATH_SEARCH_PATHS = (
					"$(inherited)",
					"@executable_path/Frameworks",
				);
				PRODUCT_BUNDLE_IDENTIFIER = ph.mseuf.MidtermExamAlva;
				PRODUCT_NAME = "$(TARGET_NAME)";
				SWIFT_VERSION = 5.0;
				TARGETED_DEVICE_FAMILY = "1,2";
			};
			name = Release;
		};
		F203AA9E2715223500DE15B3 /* Debug */ = {
			isa = XCBuildConfiguration;
			buildSettings = {
				ALWAYS_EMBED_SWIFT_STANDARD_LIBRARIES = YES;
				BUNDLE_LOADER = "$(TEST_HOST)";
				CODE_SIGN_STYLE = Automatic;
				INFOPLIST_FILE = MidtermExamAlvaTests/Info.plist;
				IPHONEOS_DEPLOYMENT_TARGET = 14.0;
				LD_RUNPATH_SEARCH_PATHS = (
					"$(inherited)",
					"@executable_path/Frameworks",
					"@loader_path/Frameworks",
				);
				PRODUCT_BUNDLE_IDENTIFIER = ph.mseuf.MidtermExamAlvaTests;
				PRODUCT_NAME = "$(TARGET_NAME)";
				SWIFT_VERSION = 5.0;
				TARGETED_DEVICE_FAMILY = "1,2";
				TEST_HOST = "$(BUILT_PRODUCTS_DIR)/MidtermExamAlva.app/MidtermExamAlva";
			};
			name = Debug;
		};
		F203AA9F2715223500DE15B3 /* Release */ = {
			isa = XCBuildConfiguration;
			buildSettings = {
				ALWAYS_EMBED_SWIFT_STANDARD_LIBRARIES = YES;
				BUNDLE_LOADER = "$(TEST_HOST)";
				CODE_SIGN_STYLE = Automatic;
				INFOPLIST_FILE = MidtermExamAlvaTests/Info.plist;
				IPHONEOS_DEPLOYMENT_TARGET = 14.0;
				LD_RUNPATH_SEARCH_PATHS = (
					"$(inherited)",
					"@executable_path/Frameworks",
					"@loader_path/Frameworks",
				);
				PRODUCT_BUNDLE_IDENTIFIER = ph.mseuf.MidtermExamAlvaTests;
				PRODUCT_NAME = "$(TARGET_NAME)";
				SWIFT_VERSION = 5.0;
				TARGETED_DEVICE_FAMILY = "1,2";
				TEST_HOST = "$(BUILT_PRODUCTS_DIR)/MidtermExamAlva.app/MidtermExamAlva";
			};
			name = Release;
		};
		F203AAA12715223500DE15B3 /* Debug */ = {
			isa = XCBuildConfiguration;
			buildSettings = {
				ALWAYS_EMBED_SWIFT_STANDARD_LIBRARIES = YES;
				CODE_SIGN_STYLE = Automatic;
				INFOPLIST_FILE = MidtermExamAlvaUITests/Info.plist;
				LD_RUNPATH_SEARCH_PATHS = (
					"$(inherited)",
					"@executable_path/Frameworks",
					"@loader_path/Frameworks",
				);
				PRODUCT_BUNDLE_IDENTIFIER = ph.mseuf.MidtermExamAlvaUITests;
				PRODUCT_NAME = "$(TARGET_NAME)";
				SWIFT_VERSION = 5.0;
				TARGETED_DEVICE_FAMILY = "1,2";
				TEST_TARGET_NAME = MidtermExamAlva;
			};
			name = Debug;
		};
		F203AAA22715223500DE15B3 /* Release */ = {
			isa = XCBuildConfiguration;
			buildSettings = {
				ALWAYS_EMBED_SWIFT_STANDARD_LIBRARIES = YES;
				CODE_SIGN_STYLE = Automatic;
				INFOPLIST_FILE = MidtermExamAlvaUITests/Info.plist;
				LD_RUNPATH_SEARCH_PATHS = (
					"$(inherited)",
					"@executable_path/Frameworks",
					"@loader_path/Frameworks",
				);
				PRODUCT_BUNDLE_IDENTIFIER = ph.mseuf.MidtermExamAlvaUITests;
				PRODUCT_NAME = "$(TARGET_NAME)";
				SWIFT_VERSION = 5.0;
				TARGETED_DEVICE_FAMILY = "1,2";
				TEST_TARGET_NAME = MidtermExamAlva;
			};
			name = Release;
		};
/* End XCBuildConfiguration section */

/* Begin XCConfigurationList section */
		F203AA702715223300DE15B3 /* Build configuration list for PBXProject "MidtermExamAlva" */ = {
			isa = XCConfigurationList;
			buildConfigurations = (
				F203AA982715223500DE15B3 /* Debug */,
				F203AA992715223500DE15B3 /* Release */,
			);
			defaultConfigurationIsVisible = 0;
			defaultConfigurationName = Release;
		};
		F203AA9A2715223500DE15B3 /* Build configuration list for PBXNativeTarget "MidtermExamAlva" */ = {
			isa = XCConfigurationList;
			buildConfigurations = (
				F203AA9B2715223500DE15B3 /* Debug */,
				F203AA9C2715223500DE15B3 /* Release */,
			);
			defaultConfigurationIsVisible = 0;
			defaultConfigurationName = Release;
		};
		F203AA9D2715223500DE15B3 /* Build configuration list for PBXNativeTarget "MidtermExamAlvaTests" */ = {
			isa = XCConfigurationList;
			buildConfigurations = (
				F203AA9E2715223500DE15B3 /* Debug */,
				F203AA9F2715223500DE15B3 /* Release */,
			);
			defaultConfigurationIsVisible = 0;
			defaultConfigurationName = Release;
		};
		F203AAA02715223500DE15B3 /* Build configuration list for PBXNativeTarget "MidtermExamAlvaUITests" */ = {
			isa = XCConfigurationList;
			buildConfigurations = (
				F203AAA12715223500DE15B3 /* Debug */,
				F203AAA22715223500DE15B3 /* Release */,
			);
			defaultConfigurationIsVisible = 0;
			defaultConfigurationName = Release;
		};
/* End XCConfigurationList section */
	};
	rootObject = F203AA6D2715223300DE15B3 /* Project object */;
}
